// !$*UTF8*$!
{
	archiveVersion = 1;
	classes = {
	};
	objectVersion = 46;
	objects = {

/* Begin PBXBuildFile section */
		BA2DE33C1E9BB072009B1096 /* SetupCell.m in Sources */ = {isa = PBXBuildFile; fileRef = BA2DE33B1E9BB071009B1096 /* SetupCell.m */; };
		BA2DE33F1E9BB102009B1096 /* ico_listdown.png in Resources */ = {isa = PBXBuildFile; fileRef = BA2DE33D1E9BB102009B1096 /* ico_listdown.png */; };
		BA2DE3401E9BB102009B1096 /* ico_listup.png in Resources */ = {isa = PBXBuildFile; fileRef = BA2DE33E1E9BB102009B1096 /* ico_listup.png */; };
		BAA56F3F1E9CBAD30036832C /* line_real.png in Resources */ = {isa = PBXBuildFile; fileRef = BAA56F3E1E9CBAD30036832C /* line_real.png */; };
		BAA56F431E9CBB180036832C /* AlertSetupCell.m in Sources */ = {isa = PBXBuildFile; fileRef = BAA56F421E9CBB180036832C /* AlertSetupCell.m */; };
		BAA56F461E9CBB2C0036832C /* ZJSwitch.m in Sources */ = {isa = PBXBuildFile; fileRef = BAA56F451E9CBB2C0036832C /* ZJSwitch.m */; };
		BAFE30E61E9BAA8C0054A306 /* main.m in Sources */ = {isa = PBXBuildFile; fileRef = BAFE30E51E9BAA8C0054A306 /* main.m */; };
		BAFE30E91E9BAA8C0054A306 /* AppDelegate.m in Sources */ = {isa = PBXBuildFile; fileRef = BAFE30E81E9BAA8C0054A306 /* AppDelegate.m */; };
		BAFE30EC1E9BAA8C0054A306 /* ViewController.m in Sources */ = {isa = PBXBuildFile; fileRef = BAFE30EB1E9BAA8C0054A306 /* ViewController.m */; };
		BAFE30EF1E9BAA8C0054A306 /* Main.storyboard in Resources */ = {isa = PBXBuildFile; fileRef = BAFE30ED1E9BAA8C0054A306 /* Main.storyboard */; };
		BAFE30F11E9BAA8C0054A306 /* Assets.xcassets in Resources */ = {isa = PBXBuildFile; fileRef = BAFE30F01E9BAA8C0054A306 /* Assets.xcassets */; };
		BAFE30F41E9BAA8C0054A306 /* LaunchScreen.storyboard in Resources */ = {isa = PBXBuildFile; fileRef = BAFE30F21E9BAA8C0054A306 /* LaunchScreen.storyboard */; };
		BAFE30FF1E9BAA8D0054A306 /* MyTableViewTests.m in Sources */ = {isa = PBXBuildFile; fileRef = BAFE30FE1E9BAA8D0054A306 /* MyTableViewTests.m */; };
		BAFE310A1E9BAA8D0054A306 /* MyTableViewUITests.m in Sources */ = {isa = PBXBuildFile; fileRef = BAFE31091E9BAA8D0054A306 /* MyTableViewUITests.m */; };
/* End PBXBuildFile section */

/* Begin PBXContainerItemProxy section */
		BAFE30FB1E9BAA8D0054A306 /* PBXContainerItemProxy */ = {
			isa = PBXContainerItemProxy;
			containerPortal = BAFE30D91E9BAA8A0054A306 /* Project object */;
			proxyType = 1;
			remoteGlobalIDString = BAFE30E01E9BAA8A0054A306;
			remoteInfo = MyTableView;
		};
		BAFE31061E9BAA8D0054A306 /* PBXContainerItemProxy */ = {
			isa = PBXContainerItemProxy;
			containerPortal = BAFE30D91E9BAA8A0054A306 /* Project object */;
			proxyType = 1;
			remoteGlobalIDString = BAFE30E01E9BAA8A0054A306;
			remoteInfo = MyTableView;
		};
/* End PBXContainerItemProxy section */

/* Begin PBXFileReference section */
		BA2DE33A1E9BB071009B1096 /* SetupCell.h */ = {isa = PBXFileReference; fileEncoding = 4; lastKnownFileType = sourcecode.c.h; path = SetupCell.h; sourceTree = "<group>"; };
		BA2DE33B1E9BB071009B1096 /* SetupCell.m */ = {isa = PBXFileReference; fileEncoding = 4; lastKnownFileType = sourcecode.c.objc; path = SetupCell.m; sourceTree = "<group>"; };
		BA2DE33D1E9BB102009B1096 /* ico_listdown.png */ = {isa = PBXFileReference; lastKnownFileType = image.png; path = ico_listdown.png; sourceTree = "<group>"; };
		BA2DE33E1E9BB102009B1096 /* ico_listup.png */ = {isa = PBXFileReference; lastKnownFileType = image.png; path = ico_listup.png; sourceTree = "<group>"; };
		BAA56F3E1E9CBAD30036832C /* line_real.png */ = {isa = PBXFileReference; lastKnownFileType = image.png; path = line_real.png; sourceTree = "<group>"; };
		BAA56F411E9CBB180036832C /* AlertSetupCell.h */ = {isa = PBXFileReference; fileEncoding = 4; lastKnownFileType = sourcecode.c.h; path = AlertSetupCell.h; sourceTree = "<group>"; };
		BAA56F421E9CBB180036832C /* AlertSetupCell.m */ = {isa = PBXFileReference; fileEncoding = 4; lastKnownFileType = sourcecode.c.objc; path = AlertSetupCell.m; sourceTree = "<group>"; };
		BAA56F441E9CBB2C0036832C /* ZJSwitch.h */ = {isa = PBXFileReference; fileEncoding = 4; lastKnownFileType = sourcecode.c.h; path = ZJSwitch.h; sourceTree = "<group>"; };
		BAA56F451E9CBB2C0036832C /* ZJSwitch.m */ = {isa = PBXFileReference; fileEncoding = 4; lastKnownFileType = sourcecode.c.objc; path = ZJSwitch.m; sourceTree = "<group>"; };
		BAFE30E11E9BAA8A0054A306 /* MyTableView.app */ = {isa = PBXFileReference; explicitFileType = wrapper.application; includeInIndex = 0; path = MyTableView.app; sourceTree = BUILT_PRODUCTS_DIR; };
		BAFE30E51E9BAA8C0054A306 /* main.m */ = {isa = PBXFileReference; lastKnownFileType = sourcecode.c.objc; path = main.m; sourceTree = "<group>"; };
		BAFE30E71E9BAA8C0054A306 /* AppDelegate.h */ = {isa = PBXFileReference; lastKnownFileType = sourcecode.c.h; path = AppDelegate.h; sourceTree = "<group>"; };
		BAFE30E81E9BAA8C0054A306 /* AppDelegate.m */ = {isa = PBXFileReference; lastKnownFileType = sourcecode.c.objc; path = AppDelegate.m; sourceTree = "<group>"; };
		BAFE30EA1E9BAA8C0054A306 /* ViewController.h */ = {isa = PBXFileReference; lastKnownFileType = sourcecode.c.h; path = ViewController.h; sourceTree = "<group>"; };
		BAFE30EB1E9BAA8C0054A306 /* ViewController.m */ = {isa = PBXFileReference; lastKnownFileType = sourcecode.c.objc; path = ViewController.m; sourceTree = "<group>"; };
		BAFE30EE1E9BAA8C0054A306 /* Base */ = {isa = PBXFileReference; lastKnownFileType = file.storyboard; name = Base; path = Base.lproj/Main.storyboard; sourceTree = "<group>"; };
		BAFE30F01E9BAA8C0054A306 /* Assets.xcassets */ = {isa = PBXFileReference; lastKnownFileType = folder.assetcatalog; path = Assets.xcassets; sourceTree = "<group>"; };
		BAFE30F31E9BAA8C0054A306 /* Base */ = {isa = PBXFileReference; lastKnownFileType = file.storyboard; name = Base; path = Base.lproj/LaunchScreen.storyboard; sourceTree = "<group>"; };
		BAFE30F51E9BAA8C0054A306 /* Info.plist */ = {isa = PBXFileReference; lastKnownFileType = text.plist.xml; path = Info.plist; sourceTree = "<group>"; };
		BAFE30FA1E9BAA8D0054A306 /* MyTableViewTests.xctest */ = {isa = PBXFileReference; explicitFileType = wrapper.cfbundle; includeInIndex = 0; path = MyTableViewTests.xctest; sourceTree = BUILT_PRODUCTS_DIR; };
		BAFE30FE1E9BAA8D0054A306 /* MyTableViewTests.m */ = {isa = PBXFileReference; lastKnownFileType = sourcecode.c.objc; path = MyTableViewTests.m; sourceTree = "<group>"; };
		BAFE31001E9BAA8D0054A306 /* Info.plist */ = {isa = PBXFileReference; lastKnownFileType = text.plist.xml; path = Info.plist; sourceTree = "<group>"; };
		BAFE31051E9BAA8D0054A306 /* MyTableViewUITests.xctest */ = {isa = PBXFileReference; explicitFileType = wrapper.cfbundle; includeInIndex = 0; path = MyTableViewUITests.xctest; sourceTree = BUILT_PRODUCTS_DIR; };
		BAFE31091E9BAA8D0054A306 /* MyTableViewUITests.m */ = {isa = PBXFileReference; lastKnownFileType = sourcecode.c.objc; path = MyTableViewUITests.m; sourceTree = "<group>"; };
		BAFE310B1E9BAA8D0054A306 /* Info.plist */ = {isa = PBXFileReference; lastKnownFileType = text.plist.xml; path = Info.plist; sourceTree = "<group>"; };
/* End PBXFileReference section */

/* Begin PBXFrameworksBuildPhase section */
		BAFE30DE1E9BAA8A0054A306 /* Frameworks */ = {
			isa = PBXFrameworksBuildPhase;
			buildActionMask = 2147483647;
			files = (
			);
			runOnlyForDeploymentPostprocessing = 0;
		};
		BAFE30F71E9BAA8C0054A306 /* Frameworks */ = {
			isa = PBXFrameworksBuildPhase;
			buildActionMask = 2147483647;
			files = (
			);
			runOnlyForDeploymentPostprocessing = 0;
		};
		BAFE31021E9BAA8D0054A306 /* Frameworks */ = {
			isa = PBXFrameworksBuildPhase;
			buildActionMask = 2147483647;
			files = (
			);
			runOnlyForDeploymentPostprocessing = 0;
		};
/* End PBXFrameworksBuildPhase section */

/* Begin PBXGroup section */
		BAA56F401E9CBADA0036832C /* Resource */ = {
			isa = PBXGroup;
			children = (
				BAA56F3E1E9CBAD30036832C /* line_real.png */,
				BA2DE33D1E9BB102009B1096 /* ico_listdown.png */,
				BA2DE33E1E9BB102009B1096 /* ico_listup.png */,
			);
			name = Resource;
			sourceTree = "<group>";
		};
		BAA56F481E9CBDCD0036832C /* coustomview */ = {
			isa = PBXGroup;
			children = (
				BAA56F411E9CBB180036832C /* AlertSetupCell.h */,
				BAA56F421E9CBB180036832C /* AlertSetupCell.m */,
				BAA56F441E9CBB2C0036832C /* ZJSwitch.h */,
				BAA56F451E9CBB2C0036832C /* ZJSwitch.m */,
				BA2DE33A1E9BB071009B1096 /* SetupCell.h */,
				BA2DE33B1E9BB071009B1096 /* SetupCell.m */,
			);
			name = coustomview;
			sourceTree = "<group>";
		};
		BAFE30D81E9BAA890054A306 = {
			isa = PBXGroup;
			children = (
				BAFE30E31E9BAA8C0054A306 /* MyTableView */,
				BAFE30FD1E9BAA8D0054A306 /* MyTableViewTests */,
				BAFE31081E9BAA8D0054A306 /* MyTableViewUITests */,
				BAFE30E21E9BAA8A0054A306 /* Products */,
			);
			sourceTree = "<group>";
		};
		BAFE30E21E9BAA8A0054A306 /* Products */ = {
			isa = PBXGroup;
			children = (
				BAFE30E11E9BAA8A0054A306 /* MyTableView.app */,
				BAFE30FA1E9BAA8D0054A306 /* MyTableViewTests.xctest */,
				BAFE31051E9BAA8D0054A306 /* MyTableViewUITests.xctest */,
			);
			name = Products;
			sourceTree = "<group>";
		};
		BAFE30E31E9BAA8C0054A306 /* MyTableView */ = {
			isa = PBXGroup;
			children = (
				BAA56F401E9CBADA0036832C /* Resource */,
				BAFE30E71E9BAA8C0054A306 /* AppDelegate.h */,
				BAFE30E81E9BAA8C0054A306 /* AppDelegate.m */,
				BAFE30EA1E9BAA8C0054A306 /* ViewController.h */,
				BAFE30EB1E9BAA8C0054A306 /* ViewController.m */,
				BAA56F481E9CBDCD0036832C /* coustomview */,
				BAFE30ED1E9BAA8C0054A306 /* Main.storyboard */,
				BAFE30F01E9BAA8C0054A306 /* Assets.xcassets */,
				BAFE30F21E9BAA8C0054A306 /* LaunchScreen.storyboard */,
				BAFE30F51E9BAA8C0054A306 /* Info.plist */,
				BAFE30E41E9BAA8C0054A306 /* Supporting Files */,
			);
			path = MyTableView;
			sourceTree = "<group>";
		};
		BAFE30E41E9BAA8C0054A306 /* Supporting Files */ = {
			isa = PBXGroup;
			children = (
				BAFE30E51E9BAA8C0054A306 /* main.m */,
			);
			name = "Supporting Files";
			sourceTree = "<group>";
		};
		BAFE30FD1E9BAA8D0054A306 /* MyTableViewTests */ = {
			isa = PBXGroup;
			children = (
				BAFE30FE1E9BAA8D0054A306 /* MyTableViewTests.m */,
				BAFE31001E9BAA8D0054A306 /* Info.plist */,
			);
			path = MyTableViewTests;
			sourceTree = "<group>";
		};
		BAFE31081E9BAA8D0054A306 /* MyTableViewUITests */ = {
			isa = PBXGroup;
			children = (
				BAFE31091E9BAA8D0054A306 /* MyTableViewUITests.m */,
				BAFE310B1E9BAA8D0054A306 /* Info.plist */,
			);
			path = MyTableViewUITests;
			sourceTree = "<group>";
		};
/* End PBXGroup section */

/* Begin PBXNativeTarget section */
		BAFE30E01E9BAA8A0054A306 /* MyTableView */ = {
			isa = PBXNativeTarget;
			buildConfigurationList = BAFE310E1E9BAA8D0054A306 /* Build configuration list for PBXNativeTarget "MyTableView" */;
			buildPhases = (
				BAFE30DD1E9BAA8A0054A306 /* Sources */,
				BAFE30DE1E9BAA8A0054A306 /* Frameworks */,
				BAFE30DF1E9BAA8A0054A306 /* Resources */,
			);
			buildRules = (
			);
			dependencies = (
			);
			name = MyTableView;
			productName = MyTableView;
			productReference = BAFE30E11E9BAA8A0054A306 /* MyTableView.app */;
			productType = "com.apple.product-type.application";
		};
		BAFE30F91E9BAA8C0054A306 /* MyTableViewTests */ = {
			isa = PBXNativeTarget;
			buildConfigurationList = BAFE31111E9BAA8D0054A306 /* Build configuration list for PBXNativeTarget "MyTableViewTests" */;
			buildPhases = (
				BAFE30F61E9BAA8C0054A306 /* Sources */,
				BAFE30F71E9BAA8C0054A306 /* Frameworks */,
				BAFE30F81E9BAA8C0054A306 /* Resources */,
			);
			buildRules = (
			);
			dependencies = (
				BAFE30FC1E9BAA8D0054A306 /* PBXTargetDependency */,
			);
			name = MyTableViewTests;
			productName = MyTableViewTests;
			productReference = BAFE30FA1E9BAA8D0054A306 /* MyTableViewTests.xctest */;
			productType = "com.apple.product-type.bundle.unit-test";
		};
		BAFE31041E9BAA8D0054A306 /* MyTableViewUITests */ = {
			isa = PBXNativeTarget;
			buildConfigurationList = BAFE31141E9BAA8D0054A306 /* Build configuration list for PBXNativeTarget "MyTableViewUITests" */;
			buildPhases = (
				BAFE31011E9BAA8D0054A306 /* Sources */,
				BAFE31021E9BAA8D0054A306 /* Frameworks */,
				BAFE31031E9BAA8D0054A306 /* Resources */,
			);
			buildRules = (
			);
			dependencies = (
				BAFE31071E9BAA8D0054A306 /* PBXTargetDependency */,
			);
			name = MyTableViewUITests;
			productName = MyTableViewUITests;
			productReference = BAFE31051E9BAA8D0054A306 /* MyTableViewUITests.xctest */;
			productType = "com.apple.product-type.bundle.ui-testing";
		};
/* End PBXNativeTarget section */

/* Begin PBXProject section */
		BAFE30D91E9BAA8A0054A306 /* Project object */ = {
			isa = PBXProject;
			attributes = {
				LastUpgradeCheck = 0730;
				ORGANIZATIONNAME = xjc;
				TargetAttributes = {
					BAFE30E01E9BAA8A0054A306 = {
						CreatedOnToolsVersion = 7.3.1;
					};
					BAFE30F91E9BAA8C0054A306 = {
						CreatedOnToolsVersion = 7.3.1;
						TestTargetID = BAFE30E01E9BAA8A0054A306;
					};
					BAFE31041E9BAA8D0054A306 = {
						CreatedOnToolsVersion = 7.3.1;
						TestTargetID = BAFE30E01E9BAA8A0054A306;
					};
				};
			};
			buildConfigurationList = BAFE30DC1E9BAA8A0054A306 /* Build configuration list for PBXProject "MyTableView" */;
			compatibilityVersion = "Xcode 3.2";
			developmentRegion = English;
			hasScannedForEncodings = 0;
			knownRegions = (
				en,
				Base,
			);
			mainGroup = BAFE30D81E9BAA890054A306;
			productRefGroup = BAFE30E21E9BAA8A0054A306 /* Products */;
			projectDirPath = "";
			projectRoot = "";
			targets = (
				BAFE30E01E9BAA8A0054A306 /* MyTableView */,
				BAFE30F91E9BAA8C0054A306 /* MyTableViewTests */,
				BAFE31041E9BAA8D0054A306 /* MyTableViewUITests */,
			);
		};
/* End PBXProject section */

/* Begin PBXResourcesBuildPhase section */
		BAFE30DF1E9BAA8A0054A306 /* Resources */ = {
			isa = PBXResourcesBuildPhase;
			buildActionMask = 2147483647;
			files = (
				BAFE30F41E9BAA8C0054A306 /* LaunchScreen.storyboard in Resources */,
				BAA56F3F1E9CBAD30036832C /* line_real.png in Resources */,
				BA2DE33F1E9BB102009B1096 /* ico_listdown.png in Resources */,
				BAFE30F11E9BAA8C0054A306 /* Assets.xcassets in Resources */,
				BAFE30EF1E9BAA8C0054A306 /* Main.storyboard in Resources */,
				BA2DE3401E9BB102009B1096 /* ico_listup.png in Resources */,
			);
			runOnlyForDeploymentPostprocessing = 0;
		};
		BAFE30F81E9BAA8C0054A306 /* Resources */ = {
			isa = PBXResourcesBuildPhase;
			buildActionMask = 2147483647;
			files = (
			);
			runOnlyForDeploymentPostprocessing = 0;
		};
		BAFE31031E9BAA8D0054A306 /* Resources */ = {
			isa = PBXResourcesBuildPhase;
			buildActionMask = 2147483647;
			files = (
			);
			runOnlyForDeploymentPostprocessing = 0;
		};
/* End PBXResourcesBuildPhase section */

/* Begin PBXSourcesBuildPhase section */
		BAFE30DD1E9BAA8A0054A306 /* Sources */ = {
			isa = PBXSourcesBuildPhase;
			buildActionMask = 2147483647;
			files = (
				BAFE30EC1E9BAA8C0054A306 /* ViewController.m in Sources */,
				BAFE30E91E9BAA8C0054A306 /* AppDelegate.m in Sources */,
				BAFE30E61E9BAA8C0054A306 /* main.m in Sources */,
				BA2DE33C1E9BB072009B1096 /* SetupCell.m in Sources */,
				BAA56F431E9CBB180036832C /* AlertSetupCell.m in Sources */,
				BAA56F461E9CBB2C0036832C /* ZJSwitch.m in Sources */,
			);
			runOnlyForDeploymentPostprocessing = 0;
		};
		BAFE30F61E9BAA8C0054A306 /* Sources */ = {
			isa = PBXSourcesBuildPhase;
			buildActionMask = 2147483647;
			files = (
				BAFE30FF1E9BAA8D0054A306 /* MyTableViewTests.m in Sources */,
			);
			runOnlyForDeploymentPostprocessing = 0;
		};
		BAFE31011E9BAA8D0054A306 /* Sources */ = {
			isa = PBXSourcesBuildPhase;
			buildActionMask = 2147483647;
			files = (
				BAFE310A1E9BAA8D0054A306 /* MyTableViewUITests.m in Sources */,
			);
			runOnlyForDeploymentPostprocessing = 0;
		};
/* End PBXSourcesBuildPhase section */

/* Begin PBXTargetDependency section */
		BAFE30FC1E9BAA8D0054A306 /* PBXTargetDependency */ = {
			isa = PBXTargetDependency;
			target = BAFE30E01E9BAA8A0054A306 /* MyTableView */;
			targetProxy = BAFE30FB1E9BAA8D0054A306 /* PBXContainerItemProxy */;
		};
		BAFE31071E9BAA8D0054A306 /* PBXTargetDependency */ = {
			isa = PBXTargetDependency;
			target = BAFE30E01E9BAA8A0054A306 /* MyTableView */;
			targetProxy = BAFE31061E9BAA8D0054A306 /* PBXContainerItemProxy */;
		};
/* End PBXTargetDependency section */

/* Begin PBXVariantGroup section */
		BAFE30ED1E9BAA8C0054A306 /* Main.storyboard */ = {
			isa = PBXVariantGroup;
			children = (
				BAFE30EE1E9BAA8C0054A306 /* Base */,
			);
			name = Main.storyboard;
			sourceTree = "<group>";
		};
		BAFE30F21E9BAA8C0054A306 /* LaunchScreen.storyboard */ = {
			isa = PBXVariantGroup;
			children = (
				BAFE30F31E9BAA8C0054A306 /* Base */,
			);
			name = LaunchScreen.storyboard;
			sourceTree = "<group>";
		};
/* End PBXVariantGroup section */

/* Begin XCBuildConfiguration section */
		BAFE310C1E9BAA8D0054A306 /* Debug */ = {
			isa = XCBuildConfiguration;
			buildSettings = {
				ALWAYS_SEARCH_USER_PATHS = NO;
				CLANG_ANALYZER_NONNULL = YES;
				CLANG_CXX_LANGUAGE_STANDARD = "gnu++0x";
				CLANG_CXX_LIBRARY = "libc++";
				CLANG_ENABLE_MODULES = YES;
				CLANG_ENABLE_OBJC_ARC = YES;
				CLANG_WARN_BOOL_CONVERSION = YES;
				CLANG_WARN_CONSTANT_CONVERSION = YES;
				CLANG_WARN_DIRECT_OBJC_ISA_USAGE = YES_ERROR;
				CLANG_WARN_EMPTY_BODY = YES;
				CLANG_WARN_ENUM_CONVERSION = YES;
				CLANG_WARN_INT_CONVERSION = YES;
				CLANG_WARN_OBJC_ROOT_CLASS = YES_ERROR;
				CLANG_WARN_UNREACHABLE_CODE = YES;
				CLANG_WARN__DUPLICATE_METHOD_MATCH = YES;
				"CODE_SIGN_IDENTITY[sdk=iphoneos*]" = "iPhone Developer";
				COPY_PHASE_STRIP = NO;
				DEBUG_INFORMATION_FORMAT = dwarf;
				ENABLE_STRICT_OBJC_MSGSEND = YES;
				ENABLE_TESTABILITY = YES;
				GCC_C_LANGUAGE_STANDARD = gnu99;
				GCC_DYNAMIC_NO_PIC = NO;
				GCC_NO_COMMON_BLOCKS = YES;
				GCC_OPTIMIZATION_LEVEL = 0;
				GCC_PREPROCESSOR_DEFINITIONS = (
					"DEBUG=1",
					"$(inherited)",
				);
				GCC_WARN_64_TO_32_BIT_CONVERSION = YES;
				GCC_WARN_ABOUT_RETURN_TYPE = YES_ERROR;
				GCC_WARN_UNDECLARED_SELECTOR = YES;
				GCC_WARN_UNINITIALIZED_AUTOS = YES_AGGRESSIVE;
				GCC_WARN_UNUSED_FUNCTION = YES;
				GCC_WARN_UNUSED_VARIABLE = YES;
				IPHONEOS_DEPLOYMENT_TARGET = 9.3;
				MTL_ENABLE_DEBUG_INFO = YES;
				ONLY_ACTIVE_ARCH = YES;
				SDKROOT = iphoneos;
				TARGETED_DEVICE_FAMILY = "1,2";
			};
			name = Debug;
		};
		BAFE310D1E9BAA8D0054A306 /* Release */ = {
			isa = XCBuildConfiguration;
			buildSettings = {
				ALWAYS_SEARCH_USER_PATHS = NO;
				CLANG_ANALYZER_NONNULL = YES;
				CLANG_CXX_LANGUAGE_STANDARD = "gnu++0x";
				CLANG_CXX_LIBRARY = "libc++";
				CLANG_ENABLE_MODULES = YES;
				CLANG_ENABLE_OBJC_ARC = YES;
				CLANG_WARN_BOOL_CONVERSION = YES;
				CLANG_WARN_CONSTANT_CONVERSION = YES;
				CLANG_WARN_DIRECT_OBJC_ISA_USAGE = YES_ERROR;
				CLANG_WARN_EMPTY_BODY = YES;
				CLANG_WARN_ENUM_CONVERSION = YES;
				CLANG_WARN_INT_CONVERSION = YES;
				CLANG_WARN_OBJC_ROOT_CLASS = YES_ERROR;
				CLANG_WARN_UNREACHABLE_CODE = YES;
				CLANG_WARN__DUPLICATE_METHOD_MATCH = YES;
				"CODE_SIGN_IDENTITY[sdk=iphoneos*]" = "iPhone Developer";
				COPY_PHASE_STRIP = NO;
				DEBUG_INFORMATION_FORMAT = "dwarf-with-dsym";
				ENABLE_NS_ASSERTIONS = NO;
				ENABLE_STRICT_OBJC_MSGSEND = YES;
				GCC_C_LANGUAGE_STANDARD = gnu99;
				GCC_NO_COMMON_BLOCKS = YES;
				GCC_WARN_64_TO_32_BIT_CONVERSION = YES;
				GCC_WARN_ABOUT_RETURN_TYPE = YES_ERROR;
				GCC_WARN_UNDECLARED_SELECTOR = YES;
				GCC_WARN_UNINITIALIZED_AUTOS = YES_AGGRESSIVE;
				GCC_WARN_UNUSED_FUNCTION = YES;
				GCC_WARN_UNUSED_VARIABLE = YES;
				IPHONEOS_DEPLOYMENT_TARGET = 9.3;
				MTL_ENABLE_DEBUG_INFO = NO;
				SDKROOT = iphoneos;
				TARGETED_DEVICE_FAMILY = "1,2";
				VALIDATE_PRODUCT = YES;
			};
			name = Release;
		};
		BAFE310F1E9BAA8D0054A306 /* Debug */ = {
			isa = XCBuildConfiguration;
			buildSettings = {
				ASSETCATALOG_COMPILER_APPICON_NAME = AppIcon;
				INFOPLIST_FILE = MyTableView/Info.plist;
				IPHONEOS_DEPLOYMENT_TARGET = 9.0;
				LD_RUNPATH_SEARCH_PATHS = "$(inherited) @executable_path/Frameworks";
				PRODUCT_BUNDLE_IDENTIFIER = com.SouthStar.MyTableView;
				PRODUCT_NAME = "$(TARGET_NAME)";
			};
			name = Debug;
		};
		BAFE31101E9BAA8D0054A306 /* Release */ = {
			isa = XCBuildConfiguration;
			buildSettings = {
				ASSETCATALOG_COMPILER_APPICON_NAME = AppIcon;
				INFOPLIST_FILE = MyTableView/Info.plist;
				IPHONEOS_DEPLOYMENT_TARGET = 9.0;
				LD_RUNPATH_SEARCH_PATHS = "$(inherited) @executable_path/Frameworks";
				PRODUCT_BUNDLE_IDENTIFIER = com.SouthStar.MyTableView;
				PRODUCT_NAME = "$(TARGET_NAME)";
			};
			name = Release;
		};
		BAFE31121E9BAA8D0054A306 /* Debug */ = {
			isa = XCBuildConfiguration;
			buildSettings = {
				BUNDLE_LOADER = "$(TEST_HOST)";
				INFOPLIST_FILE = MyTableViewTests/Info.plist;
				LD_RUNPATH_SEARCH_PATHS = "$(inherited) @executable_path/Frameworks @loader_path/Frameworks";
				PRODUCT_BUNDLE_IDENTIFIER = com.SouthStar.MyTableViewTests;
				PRODUCT_NAME = "$(TARGET_NAME)";
				TEST_HOST = "$(BUILT_PRODUCTS_DIR)/MyTableView.app/MyTableView";
			};
			name = Debug;
		};
		BAFE31131E9BAA8D0054A306 /* Release */ = {
			isa = XCBuildConfiguration;
			buildSettings = {
				BUNDLE_LOADER = "$(TEST_HOST)";
				INFOPLIST_FILE = MyTableViewTests/Info.plist;
				LD_RUNPATH_SEARCH_PATHS = "$(inherited) @executable_path/Frameworks @loader_path/Frameworks";
				PRODUCT_BUNDLE_IDENTIFIER = com.SouthStar.MyTableViewTests;
				PRODUCT_NAME = "$(TARGET_NAME)";
				TEST_HOST = "$(BUILT_PRODUCTS_DIR)/MyTableView.app/MyTableView";
			};
			name = Release;
		};
		BAFE31151E9BAA8D0054A306 /* Debug */ = {
			isa = XCBuildConfiguration;
			buildSettings = {
				INFOPLIST_FILE = MyTableViewUITests/Info.plist;
				LD_RUNPATH_SEARCH_PATHS = "$(inherited) @executable_path/Frameworks @loader_path/Frameworks";
				PRODUCT_BUNDLE_IDENTIFIER = com.SouthStar.MyTableViewUITests;
				PRODUCT_NAME = "$(TARGET_NAME)";
				TEST_TARGET_NAME = MyTableView;
			};
			name = Debug;
		};
		BAFE31161E9BAA8D0054A306 /* Release */ = {
			isa = XCBuildConfiguration;
			buildSettings = {
				INFOPLIST_FILE = MyTableViewUITests/Info.plist;
				LD_RUNPATH_SEARCH_PATHS = "$(inherited) @executable_path/Frameworks @loader_path/Frameworks";
				PRODUCT_BUNDLE_IDENTIFIER = com.SouthStar.MyTableViewUITests;
				PRODUCT_NAME = "$(TARGET_NAME)";
				TEST_TARGET_NAME = MyTableView;
			};
			name = Release;
		};
/* End XCBuildConfiguration section */

/* Begin XCConfigurationList section */
		BAFE30DC1E9BAA8A0054A306 /* Build configuration list for PBXProject "MyTableView" */ = {
			isa = XCConfigurationList;
			buildConfigurations = (
				BAFE310C1E9BAA8D0054A306 /* Debug */,
				BAFE310D1E9BAA8D0054A306 /* Release */,
			);
			defaultConfigurationIsVisible = 0;
			defaultConfigurationName = Release;
		};
		BAFE310E1E9BAA8D0054A306 /* Build configuration list for PBXNativeTarget "MyTableView" */ = {
			isa = XCConfigurationList;
			buildConfigurations = (
				BAFE310F1E9BAA8D0054A306 /* Debug */,
				BAFE31101E9BAA8D0054A306 /* Release */,
			);
			defaultConfigurationIsVisible = 0;
			defaultConfigurationName = Release;
		};
		BAFE31111E9BAA8D0054A306 /* Build configuration list for PBXNativeTarget "MyTableViewTests" */ = {
			isa = XCConfigurationList;
			buildConfigurations = (
				BAFE31121E9BAA8D0054A306 /* Debug */,
				BAFE31131E9BAA8D0054A306 /* Release */,
			);
			defaultConfigurationIsVisible = 0;
			defaultConfigurationName = Release;
		};
		BAFE31141E9BAA8D0054A306 /* Build configuration list for PBXNativeTarget "MyTableViewUITests" */ = {
			isa = XCConfigurationList;
			buildConfigurations = (
				BAFE31151E9BAA8D0054A306 /* Debug */,
				BAFE31161E9BAA8D0054A306 /* Release */,
			);
			defaultConfigurationIsVisible = 0;
			defaultConfigurationName = Release;
		};
/* End XCConfigurationList section */
	};
	rootObject = BAFE30D91E9BAA8A0054A306 /* Project object */;
}
